
Microsoft Visual Studio Solution File, Format Version 12.00
# Visual Studio Version 17
VisualStudioVersion = 17.7.34202.233
MinimumVisualStudioVersion = 10.0.40219.1
Project("{FAE04EC0-301F-11D3-BF4B-00C04F79EFBC}") = "Layla's PJ", "Layla's PJ.csproj", "{4D987134-8644-4556-B6B9-5E8C655FABED}"
EndProject
Global
	GlobalSection(SolutionConfigurationPlatforms) = preSolution
		Debug|Any CPU = Debug|Any CPU
		Release|Any CPU = Release|Any CPU
	EndGlobalSection
	GlobalSection(ProjectConfigurationPlatforms) = postSolution
		{4D987134-8644-4556-B6B9-5E8C655FABED}.Debug|Any CPU.ActiveCfg = Debug|Any CPU
		{4D987134-8644-4556-B6B9-5E8C655FABED}.Debug|Any CPU.Build.0 = Debug|Any CPU
		{4D987134-8644-4556-B6B9-5E8C655FABED}.Release|Any CPU.ActiveCfg = Release|Any CPU
		{4D987134-8644-4556-B6B9-5E8C655FABED}.Release|Any CPU.Build.0 = Release|Any CPU
	EndGlobalSection
	GlobalSection(SolutionProperties) = preSolution
		HideSolutionNode = FALSE
	EndGlobalSection
	GlobalSection(ExtensibilityGlobals) = postSolution
		SolutionGuid = {E9DDF062-A3AA-41B3-8890-36E351B200D9}
	EndGlobalSection
EndGlobal
